github.com/cockroachdb/apd v1.1.0 h1:3LFP3629v+1aKXU5Q37mxmRxX/pIu1nijXydLShEq5I=
github.com/cockroachdb/apd v1.1.0/go.mod h1:8Sl8LxpKi29FqWXR16WEFZRNSz3SoPzUzeMeY4+DwBQ=
github.com/davecgh/go-spew v1.1.0/go.mod h1:J7Y8YcW2NihsgmVo/mv3lAwl/skON4iLHjSsI+c5H38=
github.com/google/pprof v0.0.0-20190404155422-f8f10df84213/go.mod h1:zfwlbNMJ+OItoe0UupaVj+oy1omPYYDuagoSzA8v9mc=
github.com/h2non/parth v0.0.0-20190131123155-b4df798d6542/go.mod h1:Ow0tF8D4Kplbc8s8sSb3V2oUCygFHVp8gC3Dn6U4MNI=
github.com/leekchan/accounting v0.3.1 h1:6cIBKG9QngR6tuVV+mWjzcxsJDnoegrc70Ntb3MFqYM=
github.com/leekchan/accounting v0.3.1/go.mod h1:3timm6YPhY3YDaGxl0q3eaflX0eoSx3FXn7ckHe4tO0=
github.com/lib/pq v1.0.0/go.mod h1:5WUZQaWbwv1U+lTReE5YruASi9Al49XbQIvNi/34Woo=
github.com/nbio/st v0.0.0-20140626010706-e9e8d9816f32/go.mod h1:9wM+0iRr9ahx58uYLpLIr5fm8diHn0JbqRycJi6w0Ms=
github.com/nleeper/goment v1.4.0 h1:k+PnV26S9wnxI+ryxKEkpG7JhVtDJpM6+CzeRxh5S54=
github.com/nleeper/goment v1.4.0/go.mod h1:zDl5bAyDhqxwQKAvkSXMRLOdCowrdZz53ofRJc4VhTo=
github.com/pkg/errors v0.8.1 h1:iURUrRGxPUNPdy5/HRSm+Yj6okJ6UtLINN0Q9M4+h3I=
github.com/pkg/errors v0.8.1/go.mod h1:bwawxfHBFNV+L2hUp1rHADufV3IMtnDRdf1r5NINEl0=
github.com/pmezard/go-difflib v1.0.0/go.mod h1:iKH77koFhYxTK1pcRnkKkqfTogsbg7gZNVY4sRDYZ/4=
github.com/shopspring/decimal v0.0.0-20180709203117-cd690d0c9e24 h1:pntxY8Ary0t43dCZ5dqY4YTJCObLY1kIXl0uzMv+7DE=
github.com/shopspring/decimal v0.0.0-20180709203117-cd690d0c9e24/go.mod h1:M+9NzErvs504Cn4c5DxATwIqPbtswREoFCre64PpcG4=
github.com/stretchr/objx v0.1.0/go.mod h1:HFkY916IF+rwdDfMAkV7OtwuqBVzrE8GR6GFx+wExME=
github.com/stretchr/testify v1.5.1/go.mod h1:5W2xD1RspED5o8YsWQXVCued0rvSQ+mT+I5cxcmMvtA=
github.com/stretchr/testify v1.6.1/go.mod h1:6Fq8oRcR53rry900zMqJjRRixrwX3KX962/h/Wwjteg=
github.com/superoo7/go-gecko v1.0.0 h1:Xa1hZu2AYSA20eVMEd4etY0fcJoEI5deja1mdRmqlpI=
github.com/superoo7/go-gecko v1.0.0/go.mod h1:6AMYHL2wP2EN8AB9msPM76Lbo8L/MQOknYjvak5coaY=
github.com/tkuchiki/go-timezone v0.2.0 h1:yyZVHtQRVZ+wvlte5HXvSpBkR0dPYnPEIgq9qqAqltk=
github.com/tkuchiki/go-timezone v0.2.0/go.mod h1:b1Ean9v2UXtxSq4TZF0i/TU9NuoWa9hOzOKoGCV2zqY=
golang.org/x/arch v0.0.0-20190312162104-788fe5ffcd8c/go.mod h1:flIaEI6LNU6xOCD5PaJvn9wGP0agmIOqjrtsKGRguv4=
gopkg.in/check.v1 v0.0.0-20161208181325-20d25e280405/go.mod h1:Co6ibVJAznAaIkqp8huTwlJQCZ016jof/cbN4VW5Yz0=
gopkg.in/h2non/gock.v1 v1.0.14/go.mod h1:sX4zAkdYX1TRGJ2JY156cFspQn4yRWn6p9EMdODlynE=
gopkg.in/tucnak/telebot.v2 v2.3.5 h1:TdMJTlG8kvepsvZdy/gPeYEBdwKdwFFjH1AQTua9BOU=
gopkg.in/tucnak/telebot.v2 v2.3.5/go.mod h1:BgaIIx50PSRS9pG59JH+geT82cfvoJU/IaI5TJdN3v8=
gopkg.in/yaml.v2 v2.2.2/go.mod h1:hI93XBmqTisBFMUTm0b8Fm+jr3Dg1NNxqwp+5A1VGuI=
gopkg.in/yaml.v3 v3.0.0-20200313102051-9f266ea9e77c/go.mod h1:K4uyk7z7BCEPqu6E+C64Yfv1cQ7kz7rIZviUmN+EgEM=
rsc.io/pdf v0.1.1/go.mod h1:n8OzWcQ6Sp37PL01nO98y4iUCRdTGarVfzxY20ICaU4=
